// !$*UTF8*$!
{
	archiveVersion = 1;
	classes = {
	};
	objectVersion = 56;
	objects = {

/* Begin PBXBuildFile section */
		4D34651E29D48BC600B5DE29 /* CompletedQuestionsView.swift in Sources */ = {isa = PBXBuildFile; fileRef = 4D34651D29D48BC600B5DE29 /* CompletedQuestionsView.swift */; };
		4D34652029D48BE400B5DE29 /* TrendsView.swift in Sources */ = {isa = PBXBuildFile; fileRef = 4D34651F29D48BE400B5DE29 /* TrendsView.swift */; };
		4D34652229D48BEE00B5DE29 /* TeamTrendsView.swift in Sources */ = {isa = PBXBuildFile; fileRef = 4D34652129D48BEE00B5DE29 /* TeamTrendsView.swift */; };
		4D34652529D4994500B5DE29 /* Styling.swift in Sources */ = {isa = PBXBuildFile; fileRef = 4D34652429D4994500B5DE29 /* Styling.swift */; };
		4D36417C29CCDC7D00FECC61 /* TeamMinderApp.swift in Sources */ = {isa = PBXBuildFile; fileRef = 4D36417B29CCDC7D00FECC61 /* TeamMinderApp.swift */; };
		4D36417E29CCDC7D00FECC61 /* ContentView.swift in Sources */ = {isa = PBXBuildFile; fileRef = 4D36417D29CCDC7D00FECC61 /* ContentView.swift */; };
		4D36418029CCDC7E00FECC61 /* Assets.xcassets in Resources */ = {isa = PBXBuildFile; fileRef = 4D36417F29CCDC7E00FECC61 /* Assets.xcassets */; };
		4D36418329CCDC7E00FECC61 /* Preview Assets.xcassets in Resources */ = {isa = PBXBuildFile; fileRef = 4D36418229CCDC7E00FECC61 /* Preview Assets.xcassets */; };
		4D36418E29CCDC7E00FECC61 /* TeamMinderTests.swift in Sources */ = {isa = PBXBuildFile; fileRef = 4D36418D29CCDC7E00FECC61 /* TeamMinderTests.swift */; };
		4D36419829CCDC7E00FECC61 /* TeamMinderUITests.swift in Sources */ = {isa = PBXBuildFile; fileRef = 4D36419729CCDC7E00FECC61 /* TeamMinderUITests.swift */; };
		4D36419A29CCDC7E00FECC61 /* TeamMinderUITestsLaunchTests.swift in Sources */ = {isa = PBXBuildFile; fileRef = 4D36419929CCDC7E00FECC61 /* TeamMinderUITestsLaunchTests.swift */; };
		4D3641AA29CCE19E00FECC61 /* TeamMember.swift in Sources */ = {isa = PBXBuildFile; fileRef = 4D3641A929CCE19E00FECC61 /* TeamMember.swift */; };
		4D3641AC29CF850F00FECC61 /* Question.swift in Sources */ = {isa = PBXBuildFile; fileRef = 4D3641AB29CF850F00FECC61 /* Question.swift */; };
		4D3641AE29CF876F00FECC61 /* Team.swift in Sources */ = {isa = PBXBuildFile; fileRef = 4D3641AD29CF876F00FECC61 /* Team.swift */; };
		4D3641B029D1D81100FECC61 /* AddMemberSheet.swift in Sources */ = {isa = PBXBuildFile; fileRef = 4D3641AF29D1D81100FECC61 /* AddMemberSheet.swift */; };
		4D85042829D2197E00386F08 /* DataService.swift in Sources */ = {isa = PBXBuildFile; fileRef = 4D85042729D2197E00386F08 /* DataService.swift */; };
		4D85042A29D22A3B00386F08 /* InfoView.swift in Sources */ = {isa = PBXBuildFile; fileRef = 4D85042929D22A3B00386F08 /* InfoView.swift */; };
		4D85042C29D22A4C00386F08 /* QuestionsView.swift in Sources */ = {isa = PBXBuildFile; fileRef = 4D85042B29D22A4C00386F08 /* QuestionsView.swift */; };
		4D85042E29D328CB00386F08 /* TeamMemberView.swift in Sources */ = {isa = PBXBuildFile; fileRef = 4D85042D29D328CB00386F08 /* TeamMemberView.swift */; };
		4D85043029D3438600386F08 /* TeamMemberSidebarCell.swift in Sources */ = {isa = PBXBuildFile; fileRef = 4D85042F29D3438600386F08 /* TeamMemberSidebarCell.swift */; };
/* End PBXBuildFile section */

/* Begin PBXContainerItemProxy section */
		4D36418A29CCDC7E00FECC61 /* PBXContainerItemProxy */ = {
			isa = PBXContainerItemProxy;
			containerPortal = 4D36417029CCDC7D00FECC61 /* Project object */;
			proxyType = 1;
			remoteGlobalIDString = 4D36417729CCDC7D00FECC61;
			remoteInfo = TeamMinder;
		};
		4D36419429CCDC7E00FECC61 /* PBXContainerItemProxy */ = {
			isa = PBXContainerItemProxy;
			containerPortal = 4D36417029CCDC7D00FECC61 /* Project object */;
			proxyType = 1;
			remoteGlobalIDString = 4D36417729CCDC7D00FECC61;
			remoteInfo = TeamMinder;
		};
/* End PBXContainerItemProxy section */

/* Begin PBXFileReference section */
		4D34651D29D48BC600B5DE29 /* CompletedQuestionsView.swift */ = {isa = PBXFileReference; lastKnownFileType = sourcecode.swift; path = CompletedQuestionsView.swift; sourceTree = "<group>"; };
		4D34651F29D48BE400B5DE29 /* TrendsView.swift */ = {isa = PBXFileReference; lastKnownFileType = sourcecode.swift; path = TrendsView.swift; sourceTree = "<group>"; };
		4D34652129D48BEE00B5DE29 /* TeamTrendsView.swift */ = {isa = PBXFileReference; lastKnownFileType = sourcecode.swift; path = TeamTrendsView.swift; sourceTree = "<group>"; };
		4D34652429D4994500B5DE29 /* Styling.swift */ = {isa = PBXFileReference; lastKnownFileType = sourcecode.swift; path = Styling.swift; sourceTree = "<group>"; };
		4D36417829CCDC7D00FECC61 /* TeamMinder.app */ = {isa = PBXFileReference; explicitFileType = wrapper.application; includeInIndex = 0; path = TeamMinder.app; sourceTree = BUILT_PRODUCTS_DIR; };
		4D36417B29CCDC7D00FECC61 /* TeamMinderApp.swift */ = {isa = PBXFileReference; lastKnownFileType = sourcecode.swift; path = TeamMinderApp.swift; sourceTree = "<group>"; };
		4D36417D29CCDC7D00FECC61 /* ContentView.swift */ = {isa = PBXFileReference; lastKnownFileType = sourcecode.swift; path = ContentView.swift; sourceTree = "<group>"; };
		4D36417F29CCDC7E00FECC61 /* Assets.xcassets */ = {isa = PBXFileReference; lastKnownFileType = folder.assetcatalog; path = Assets.xcassets; sourceTree = "<group>"; };
		4D36418229CCDC7E00FECC61 /* Preview Assets.xcassets */ = {isa = PBXFileReference; lastKnownFileType = folder.assetcatalog; path = "Preview Assets.xcassets"; sourceTree = "<group>"; };
		4D36418429CCDC7E00FECC61 /* TeamMinder.entitlements */ = {isa = PBXFileReference; lastKnownFileType = text.plist.entitlements; path = TeamMinder.entitlements; sourceTree = "<group>"; };
		4D36418929CCDC7E00FECC61 /* TeamMinderTests.xctest */ = {isa = PBXFileReference; explicitFileType = wrapper.cfbundle; includeInIndex = 0; path = TeamMinderTests.xctest; sourceTree = BUILT_PRODUCTS_DIR; };
		4D36418D29CCDC7E00FECC61 /* TeamMinderTests.swift */ = {isa = PBXFileReference; lastKnownFileType = sourcecode.swift; path = TeamMinderTests.swift; sourceTree = "<group>"; };
		4D36419329CCDC7E00FECC61 /* TeamMinderUITests.xctest */ = {isa = PBXFileReference; explicitFileType = wrapper.cfbundle; includeInIndex = 0; path = TeamMinderUITests.xctest; sourceTree = BUILT_PRODUCTS_DIR; };
		4D36419729CCDC7E00FECC61 /* TeamMinderUITests.swift */ = {isa = PBXFileReference; lastKnownFileType = sourcecode.swift; path = TeamMinderUITests.swift; sourceTree = "<group>"; };
		4D36419929CCDC7E00FECC61 /* TeamMinderUITestsLaunchTests.swift */ = {isa = PBXFileReference; lastKnownFileType = sourcecode.swift; path = TeamMinderUITestsLaunchTests.swift; sourceTree = "<group>"; };
		4D3641A929CCE19E00FECC61 /* TeamMember.swift */ = {isa = PBXFileReference; lastKnownFileType = sourcecode.swift; path = TeamMember.swift; sourceTree = "<group>"; };
		4D3641AB29CF850F00FECC61 /* Question.swift */ = {isa = PBXFileReference; lastKnownFileType = sourcecode.swift; path = Question.swift; sourceTree = "<group>"; };
		4D3641AD29CF876F00FECC61 /* Team.swift */ = {isa = PBXFileReference; lastKnownFileType = sourcecode.swift; path = Team.swift; sourceTree = "<group>"; };
		4D3641AF29D1D81100FECC61 /* AddMemberSheet.swift */ = {isa = PBXFileReference; lastKnownFileType = sourcecode.swift; path = AddMemberSheet.swift; sourceTree = "<group>"; };
		4D85042729D2197E00386F08 /* DataService.swift */ = {isa = PBXFileReference; lastKnownFileType = sourcecode.swift; path = DataService.swift; sourceTree = "<group>"; };
		4D85042929D22A3B00386F08 /* InfoView.swift */ = {isa = PBXFileReference; lastKnownFileType = sourcecode.swift; path = InfoView.swift; sourceTree = "<group>"; };
		4D85042B29D22A4C00386F08 /* QuestionsView.swift */ = {isa = PBXFileReference; lastKnownFileType = sourcecode.swift; path = QuestionsView.swift; sourceTree = "<group>"; };
		4D85042D29D328CB00386F08 /* TeamMemberView.swift */ = {isa = PBXFileReference; lastKnownFileType = sourcecode.swift; path = TeamMemberView.swift; sourceTree = "<group>"; };
		4D85042F29D3438600386F08 /* TeamMemberSidebarCell.swift */ = {isa = PBXFileReference; lastKnownFileType = sourcecode.swift; path = TeamMemberSidebarCell.swift; sourceTree = "<group>"; };
/* End PBXFileReference section */

/* Begin PBXFrameworksBuildPhase section */
		4D36417529CCDC7D00FECC61 /* Frameworks */ = {
			isa = PBXFrameworksBuildPhase;
			buildActionMask = 2147483647;
			files = (
			);
			runOnlyForDeploymentPostprocessing = 0;
		};
		4D36418629CCDC7E00FECC61 /* Frameworks */ = {
			isa = PBXFrameworksBuildPhase;
			buildActionMask = 2147483647;
			files = (
			);
			runOnlyForDeploymentPostprocessing = 0;
		};
		4D36419029CCDC7E00FECC61 /* Frameworks */ = {
			isa = PBXFrameworksBuildPhase;
			buildActionMask = 2147483647;
			files = (
			);
			runOnlyForDeploymentPostprocessing = 0;
		};
/* End PBXFrameworksBuildPhase section */

/* Begin PBXGroup section */
		4D34652329D4993200B5DE29 /* Styling */ = {
			isa = PBXGroup;
			children = (
				4D34652429D4994500B5DE29 /* Styling.swift */,
			);
			path = Styling;
			sourceTree = "<group>";
		};
		4D36416F29CCDC7D00FECC61 = {
			isa = PBXGroup;
			children = (
				4D36417A29CCDC7D00FECC61 /* TeamMinder */,
				4D36418C29CCDC7E00FECC61 /* TeamMinderTests */,
				4D36419629CCDC7E00FECC61 /* TeamMinderUITests */,
				4D36417929CCDC7D00FECC61 /* Products */,
			);
			sourceTree = "<group>";
		};
		4D36417929CCDC7D00FECC61 /* Products */ = {
			isa = PBXGroup;
			children = (
				4D36417829CCDC7D00FECC61 /* TeamMinder.app */,
				4D36418929CCDC7E00FECC61 /* TeamMinderTests.xctest */,
				4D36419329CCDC7E00FECC61 /* TeamMinderUITests.xctest */,
			);
			name = Products;
			sourceTree = "<group>";
		};
		4D36417A29CCDC7D00FECC61 /* TeamMinder */ = {
			isa = PBXGroup;
			children = (
				4D34652329D4993200B5DE29 /* Styling */,
				4D3641A829CCE16500FECC61 /* Services */,
				4D3641A729CCE15A00FECC61 /* Views */,
				4D3641A629CCE14900FECC61 /* ViewModels */,
				4D36417B29CCDC7D00FECC61 /* TeamMinderApp.swift */,
				4D36417D29CCDC7D00FECC61 /* ContentView.swift */,
				4D36417F29CCDC7E00FECC61 /* Assets.xcassets */,
				4D36418429CCDC7E00FECC61 /* TeamMinder.entitlements */,
				4D36418129CCDC7E00FECC61 /* Preview Content */,
			);
			path = TeamMinder;
			sourceTree = "<group>";
		};
		4D36418129CCDC7E00FECC61 /* Preview Content */ = {
			isa = PBXGroup;
			children = (
				4D36418229CCDC7E00FECC61 /* Preview Assets.xcassets */,
			);
			path = "Preview Content";
			sourceTree = "<group>";
		};
		4D36418C29CCDC7E00FECC61 /* TeamMinderTests */ = {
			isa = PBXGroup;
			children = (
				4D36418D29CCDC7E00FECC61 /* TeamMinderTests.swift */,
			);
			path = TeamMinderTests;
			sourceTree = "<group>";
		};
		4D36419629CCDC7E00FECC61 /* TeamMinderUITests */ = {
			isa = PBXGroup;
			children = (
				4D36419729CCDC7E00FECC61 /* TeamMinderUITests.swift */,
				4D36419929CCDC7E00FECC61 /* TeamMinderUITestsLaunchTests.swift */,
			);
			path = TeamMinderUITests;
			sourceTree = "<group>";
		};
		4D3641A629CCE14900FECC61 /* ViewModels */ = {
			isa = PBXGroup;
			children = (
				4D3641A929CCE19E00FECC61 /* TeamMember.swift */,
				4D3641AB29CF850F00FECC61 /* Question.swift */,
				4D3641AD29CF876F00FECC61 /* Team.swift */,
			);
			path = ViewModels;
			sourceTree = "<group>";
		};
		4D3641A729CCE15A00FECC61 /* Views */ = {
			isa = PBXGroup;
			children = (
				4D3641AF29D1D81100FECC61 /* AddMemberSheet.swift */,
				4D85042929D22A3B00386F08 /* InfoView.swift */,
				4D85042B29D22A4C00386F08 /* QuestionsView.swift */,
				4D85042D29D328CB00386F08 /* TeamMemberView.swift */,
				4D85042F29D3438600386F08 /* TeamMemberSidebarCell.swift */,
				4D34651D29D48BC600B5DE29 /* CompletedQuestionsView.swift */,
				4D34651F29D48BE400B5DE29 /* TrendsView.swift */,
				4D34652129D48BEE00B5DE29 /* TeamTrendsView.swift */,
			);
			path = Views;
			sourceTree = "<group>";
		};
		4D3641A829CCE16500FECC61 /* Services */ = {
			isa = PBXGroup;
			children = (
				4D85042729D2197E00386F08 /* DataService.swift */,
			);
			path = Services;
			sourceTree = "<group>";
		};
/* End PBXGroup section */

/* Begin PBXNativeTarget section */
		4D36417729CCDC7D00FECC61 /* TeamMinder */ = {
			isa = PBXNativeTarget;
			buildConfigurationList = 4D36419D29CCDC7E00FECC61 /* Build configuration list for PBXNativeTarget "TeamMinder" */;
			buildPhases = (
				4D36417429CCDC7D00FECC61 /* Sources */,
				4D36417529CCDC7D00FECC61 /* Frameworks */,
				4D36417629CCDC7D00FECC61 /* Resources */,
			);
			buildRules = (
			);
			dependencies = (
			);
			name = TeamMinder;
			productName = TeamMinder;
			productReference = 4D36417829CCDC7D00FECC61 /* TeamMinder.app */;
			productType = "com.apple.product-type.application";
		};
		4D36418829CCDC7E00FECC61 /* TeamMinderTests */ = {
			isa = PBXNativeTarget;
			buildConfigurationList = 4D3641A029CCDC7E00FECC61 /* Build configuration list for PBXNativeTarget "TeamMinderTests" */;
			buildPhases = (
				4D36418529CCDC7E00FECC61 /* Sources */,
				4D36418629CCDC7E00FECC61 /* Frameworks */,
				4D36418729CCDC7E00FECC61 /* Resources */,
			);
			buildRules = (
			);
			dependencies = (
				4D36418B29CCDC7E00FECC61 /* PBXTargetDependency */,
			);
			name = TeamMinderTests;
			productName = TeamMinderTests;
			productReference = 4D36418929CCDC7E00FECC61 /* TeamMinderTests.xctest */;
			productType = "com.apple.product-type.bundle.unit-test";
		};
		4D36419229CCDC7E00FECC61 /* TeamMinderUITests */ = {
			isa = PBXNativeTarget;
			buildConfigurationList = 4D3641A329CCDC7E00FECC61 /* Build configuration list for PBXNativeTarget "TeamMinderUITests" */;
			buildPhases = (
				4D36418F29CCDC7E00FECC61 /* Sources */,
				4D36419029CCDC7E00FECC61 /* Frameworks */,
				4D36419129CCDC7E00FECC61 /* Resources */,
			);
			buildRules = (
			);
			dependencies = (
				4D36419529CCDC7E00FECC61 /* PBXTargetDependency */,
			);
			name = TeamMinderUITests;
			productName = TeamMinderUITests;
			productReference = 4D36419329CCDC7E00FECC61 /* TeamMinderUITests.xctest */;
			productType = "com.apple.product-type.bundle.ui-testing";
		};
/* End PBXNativeTarget section */

/* Begin PBXProject section */
		4D36417029CCDC7D00FECC61 /* Project object */ = {
			isa = PBXProject;
			attributes = {
				BuildIndependentTargetsInParallel = 1;
				LastSwiftUpdateCheck = 1420;
				LastUpgradeCheck = 1420;
				TargetAttributes = {
					4D36417729CCDC7D00FECC61 = {
						CreatedOnToolsVersion = 14.2;
					};
					4D36418829CCDC7E00FECC61 = {
						CreatedOnToolsVersion = 14.2;
						TestTargetID = 4D36417729CCDC7D00FECC61;
					};
					4D36419229CCDC7E00FECC61 = {
						CreatedOnToolsVersion = 14.2;
						TestTargetID = 4D36417729CCDC7D00FECC61;
					};
				};
			};
			buildConfigurationList = 4D36417329CCDC7D00FECC61 /* Build configuration list for PBXProject "TeamMinder" */;
			compatibilityVersion = "Xcode 14.0";
			developmentRegion = en;
			hasScannedForEncodings = 0;
			knownRegions = (
				en,
				Base,
			);
			mainGroup = 4D36416F29CCDC7D00FECC61;
			productRefGroup = 4D36417929CCDC7D00FECC61 /* Products */;
			projectDirPath = "";
			projectRoot = "";
			targets = (
				4D36417729CCDC7D00FECC61 /* TeamMinder */,
				4D36418829CCDC7E00FECC61 /* TeamMinderTests */,
				4D36419229CCDC7E00FECC61 /* TeamMinderUITests */,
			);
		};
/* End PBXProject section */

/* Begin PBXResourcesBuildPhase section */
		4D36417629CCDC7D00FECC61 /* Resources */ = {
			isa = PBXResourcesBuildPhase;
			buildActionMask = 2147483647;
			files = (
				4D36418329CCDC7E00FECC61 /* Preview Assets.xcassets in Resources */,
				4D36418029CCDC7E00FECC61 /* Assets.xcassets in Resources */,
			);
			runOnlyForDeploymentPostprocessing = 0;
		};
		4D36418729CCDC7E00FECC61 /* Resources */ = {
			isa = PBXResourcesBuildPhase;
			buildActionMask = 2147483647;
			files = (
			);
			runOnlyForDeploymentPostprocessing = 0;
		};
		4D36419129CCDC7E00FECC61 /* Resources */ = {
			isa = PBXResourcesBuildPhase;
			buildActionMask = 2147483647;
			files = (
			);
			runOnlyForDeploymentPostprocessing = 0;
		};
/* End PBXResourcesBuildPhase section */

/* Begin PBXSourcesBuildPhase section */
		4D36417429CCDC7D00FECC61 /* Sources */ = {
			isa = PBXSourcesBuildPhase;
			buildActionMask = 2147483647;
			files = (
				4D34652529D4994500B5DE29 /* Styling.swift in Sources */,
				4D36417E29CCDC7D00FECC61 /* ContentView.swift in Sources */,
				4D3641AC29CF850F00FECC61 /* Question.swift in Sources */,
				4D34651E29D48BC600B5DE29 /* CompletedQuestionsView.swift in Sources */,
				4D3641B029D1D81100FECC61 /* AddMemberSheet.swift in Sources */,
				4D36417C29CCDC7D00FECC61 /* TeamMinderApp.swift in Sources */,
				4D85042829D2197E00386F08 /* DataService.swift in Sources */,
				4D3641AE29CF876F00FECC61 /* Team.swift in Sources */,
				4D85042A29D22A3B00386F08 /* InfoView.swift in Sources */,
				4D85042E29D328CB00386F08 /* TeamMemberView.swift in Sources */,
				4D34652029D48BE400B5DE29 /* TrendsView.swift in Sources */,
				4D85043029D3438600386F08 /* TeamMemberSidebarCell.swift in Sources */,
				4D85042C29D22A4C00386F08 /* QuestionsView.swift in Sources */,
				4D3641AA29CCE19E00FECC61 /* TeamMember.swift in Sources */,
				4D34652229D48BEE00B5DE29 /* TeamTrendsView.swift in Sources */,
			);
			runOnlyForDeploymentPostprocessing = 0;
		};
		4D36418529CCDC7E00FECC61 /* Sources */ = {
			isa = PBXSourcesBuildPhase;
			buildActionMask = 2147483647;
			files = (
				4D36418E29CCDC7E00FECC61 /* TeamMinderTests.swift in Sources */,
			);
			runOnlyForDeploymentPostprocessing = 0;
		};
		4D36418F29CCDC7E00FECC61 /* Sources */ = {
			isa = PBXSourcesBuildPhase;
			buildActionMask = 2147483647;
			files = (
				4D36419A29CCDC7E00FECC61 /* TeamMinderUITestsLaunchTests.swift in Sources */,
				4D36419829CCDC7E00FECC61 /* TeamMinderUITests.swift in Sources */,
			);
			runOnlyForDeploymentPostprocessing = 0;
		};
/* End PBXSourcesBuildPhase section */

/* Begin PBXTargetDependency section */
		4D36418B29CCDC7E00FECC61 /* PBXTargetDependency */ = {
			isa = PBXTargetDependency;
			target = 4D36417729CCDC7D00FECC61 /* TeamMinder */;
			targetProxy = 4D36418A29CCDC7E00FECC61 /* PBXContainerItemProxy */;
		};
		4D36419529CCDC7E00FECC61 /* PBXTargetDependency */ = {
			isa = PBXTargetDependency;
			target = 4D36417729CCDC7D00FECC61 /* TeamMinder */;
			targetProxy = 4D36419429CCDC7E00FECC61 /* PBXContainerItemProxy */;
		};
/* End PBXTargetDependency section */

/* Begin XCBuildConfiguration section */
		4D36419B29CCDC7E00FECC61 /* Debug */ = {
			isa = XCBuildConfiguration;
			buildSettings = {
				ALWAYS_SEARCH_USER_PATHS = NO;
				CLANG_ANALYZER_NONNULL = YES;
				CLANG_ANALYZER_NUMBER_OBJECT_CONVERSION = YES_AGGRESSIVE;
				CLANG_CXX_LANGUAGE_STANDARD = "gnu++20";
				CLANG_ENABLE_MODULES = YES;
				CLANG_ENABLE_OBJC_ARC = YES;
				CLANG_ENABLE_OBJC_WEAK = YES;
				CLANG_WARN_BLOCK_CAPTURE_AUTORELEASING = YES;
				CLANG_WARN_BOOL_CONVERSION = YES;
				CLANG_WARN_COMMA = YES;
				CLANG_WARN_CONSTANT_CONVERSION = YES;
				CLANG_WARN_DEPRECATED_OBJC_IMPLEMENTATIONS = YES;
				CLANG_WARN_DIRECT_OBJC_ISA_USAGE = YES_ERROR;
				CLANG_WARN_DOCUMENTATION_COMMENTS = YES;
				CLANG_WARN_EMPTY_BODY = YES;
				CLANG_WARN_ENUM_CONVERSION = YES;
				CLANG_WARN_INFINITE_RECURSION = YES;
				CLANG_WARN_INT_CONVERSION = YES;
				CLANG_WARN_NON_LITERAL_NULL_CONVERSION = YES;
				CLANG_WARN_OBJC_IMPLICIT_RETAIN_SELF = YES;
				CLANG_WARN_OBJC_LITERAL_CONVERSION = YES;
				CLANG_WARN_OBJC_ROOT_CLASS = YES_ERROR;
				CLANG_WARN_QUOTED_INCLUDE_IN_FRAMEWORK_HEADER = YES;
				CLANG_WARN_RANGE_LOOP_ANALYSIS = YES;
				CLANG_WARN_STRICT_PROTOTYPES = YES;
				CLANG_WARN_SUSPICIOUS_MOVE = YES;
				CLANG_WARN_UNGUARDED_AVAILABILITY = YES_AGGRESSIVE;
				CLANG_WARN_UNREACHABLE_CODE = YES;
				CLANG_WARN__DUPLICATE_METHOD_MATCH = YES;
				COPY_PHASE_STRIP = NO;
				DEBUG_INFORMATION_FORMAT = dwarf;
				ENABLE_STRICT_OBJC_MSGSEND = YES;
				ENABLE_TESTABILITY = YES;
				GCC_C_LANGUAGE_STANDARD = gnu11;
				GCC_DYNAMIC_NO_PIC = NO;
				GCC_NO_COMMON_BLOCKS = YES;
				GCC_OPTIMIZATION_LEVEL = 0;
				GCC_PREPROCESSOR_DEFINITIONS = (
					"DEBUG=1",
					"$(inherited)",
				);
				GCC_WARN_64_TO_32_BIT_CONVERSION = YES;
				GCC_WARN_ABOUT_RETURN_TYPE = YES_ERROR;
				GCC_WARN_UNDECLARED_SELECTOR = YES;
				GCC_WARN_UNINITIALIZED_AUTOS = YES_AGGRESSIVE;
				GCC_WARN_UNUSED_FUNCTION = YES;
				GCC_WARN_UNUSED_VARIABLE = YES;
				MACOSX_DEPLOYMENT_TARGET = 13.1;
				MTL_ENABLE_DEBUG_INFO = INCLUDE_SOURCE;
				MTL_FAST_MATH = YES;
				ONLY_ACTIVE_ARCH = YES;
				SDKROOT = macosx;
				SWIFT_ACTIVE_COMPILATION_CONDITIONS = DEBUG;
				SWIFT_OPTIMIZATION_LEVEL = "-Onone";
			};
			name = Debug;
		};
		4D36419C29CCDC7E00FECC61 /* Release */ = {
			isa = XCBuildConfiguration;
			buildSettings = {
				ALWAYS_SEARCH_USER_PATHS = NO;
				CLANG_ANALYZER_NONNULL = YES;
				CLANG_ANALYZER_NUMBER_OBJECT_CONVERSION = YES_AGGRESSIVE;
				CLANG_CXX_LANGUAGE_STANDARD = "gnu++20";
				CLANG_ENABLE_MODULES = YES;
				CLANG_ENABLE_OBJC_ARC = YES;
				CLANG_ENABLE_OBJC_WEAK = YES;
				CLANG_WARN_BLOCK_CAPTURE_AUTORELEASING = YES;
				CLANG_WARN_BOOL_CONVERSION = YES;
				CLANG_WARN_COMMA = YES;
				CLANG_WARN_CONSTANT_CONVERSION = YES;
				CLANG_WARN_DEPRECATED_OBJC_IMPLEMENTATIONS = YES;
				CLANG_WARN_DIRECT_OBJC_ISA_USAGE = YES_ERROR;
				CLANG_WARN_DOCUMENTATION_COMMENTS = YES;
				CLANG_WARN_EMPTY_BODY = YES;
				CLANG_WARN_ENUM_CONVERSION = YES;
				CLANG_WARN_INFINITE_RECURSION = YES;
				CLANG_WARN_INT_CONVERSION = YES;
				CLANG_WARN_NON_LITERAL_NULL_CONVERSION = YES;
				CLANG_WARN_OBJC_IMPLICIT_RETAIN_SELF = YES;
				CLANG_WARN_OBJC_LITERAL_CONVERSION = YES;
				CLANG_WARN_OBJC_ROOT_CLASS = YES_ERROR;
				CLANG_WARN_QUOTED_INCLUDE_IN_FRAMEWORK_HEADER = YES;
				CLANG_WARN_RANGE_LOOP_ANALYSIS = YES;
				CLANG_WARN_STRICT_PROTOTYPES = YES;
				CLANG_WARN_SUSPICIOUS_MOVE = YES;
				CLANG_WARN_UNGUARDED_AVAILABILITY = YES_AGGRESSIVE;
				CLANG_WARN_UNREACHABLE_CODE = YES;
				CLANG_WARN__DUPLICATE_METHOD_MATCH = YES;
				COPY_PHASE_STRIP = NO;
				DEBUG_INFORMATION_FORMAT = "dwarf-with-dsym";
				ENABLE_NS_ASSERTIONS = NO;
				ENABLE_STRICT_OBJC_MSGSEND = YES;
				GCC_C_LANGUAGE_STANDARD = gnu11;
				GCC_NO_COMMON_BLOCKS = YES;
				GCC_WARN_64_TO_32_BIT_CONVERSION = YES;
				GCC_WARN_ABOUT_RETURN_TYPE = YES_ERROR;
				GCC_WARN_UNDECLARED_SELECTOR = YES;
				GCC_WARN_UNINITIALIZED_AUTOS = YES_AGGRESSIVE;
				GCC_WARN_UNUSED_FUNCTION = YES;
				GCC_WARN_UNUSED_VARIABLE = YES;
				MACOSX_DEPLOYMENT_TARGET = 13.1;
				MTL_ENABLE_DEBUG_INFO = NO;
				MTL_FAST_MATH = YES;
				SDKROOT = macosx;
				SWIFT_COMPILATION_MODE = wholemodule;
				SWIFT_OPTIMIZATION_LEVEL = "-O";
			};
			name = Release;
		};
		4D36419E29CCDC7E00FECC61 /* Debug */ = {
			isa = XCBuildConfiguration;
			buildSettings = {
				ASSETCATALOG_COMPILER_APPICON_NAME = AppIcon;
				ASSETCATALOG_COMPILER_GLOBAL_ACCENT_COLOR_NAME = AccentColor;
				CODE_SIGN_ENTITLEMENTS = TeamMinder/TeamMinder.entitlements;
				CODE_SIGN_STYLE = Automatic;
				COMBINE_HIDPI_IMAGES = YES;
				CURRENT_PROJECT_VERSION = 1;
				DEVELOPMENT_ASSET_PATHS = "\"TeamMinder/Preview Content\"";
				DEVELOPMENT_TEAM = 4DU44FMU2J;
				ENABLE_HARDENED_RUNTIME = YES;
				ENABLE_PREVIEWS = YES;
				GENERATE_INFOPLIST_FILE = YES;
				INFOPLIST_KEY_NSHumanReadableCopyright = "";
				LD_RUNPATH_SEARCH_PATHS = (
					"$(inherited)",
					"@executable_path/../Frameworks",
				);
				MARKETING_VERSION = 1.0;
				PRODUCT_BUNDLE_IDENTIFIER = simonfortelny.TeamMinder;
				PRODUCT_NAME = "$(TARGET_NAME)";
				SWIFT_EMIT_LOC_STRINGS = YES;
				SWIFT_VERSION = 5.0;
			};
			name = Debug;
		};
		4D36419F29CCDC7E00FECC61 /* Release */ = {
			isa = XCBuildConfiguration;
			buildSettings = {
				ASSETCATALOG_COMPILER_APPICON_NAME = AppIcon;
				ASSETCATALOG_COMPILER_GLOBAL_ACCENT_COLOR_NAME = AccentColor;
				CODE_SIGN_ENTITLEMENTS = TeamMinder/TeamMinder.entitlements;
				CODE_SIGN_STYLE = Automatic;
				COMBINE_HIDPI_IMAGES = YES;
				CURRENT_PROJECT_VERSION = 1;
				DEVELOPMENT_ASSET_PATHS = "\"TeamMinder/Preview Content\"";
				DEVELOPMENT_TEAM = 4DU44FMU2J;
				ENABLE_HARDENED_RUNTIME = YES;
				ENABLE_PREVIEWS = YES;
				GENERATE_INFOPLIST_FILE = YES;
				INFOPLIST_KEY_NSHumanReadableCopyright = "";
				LD_RUNPATH_SEARCH_PATHS = (
					"$(inherited)",
					"@executable_path/../Frameworks",
				);
				MARKETING_VERSION = 1.0;
				PRODUCT_BUNDLE_IDENTIFIER = simonfortelny.TeamMinder;
				PRODUCT_NAME = "$(TARGET_NAME)";
				SWIFT_EMIT_LOC_STRINGS = YES;
				SWIFT_VERSION = 5.0;
			};
			name = Release;
		};
		4D3641A129CCDC7E00FECC61 /* Debug */ = {
			isa = XCBuildConfiguration;
			buildSettings = {
				ALWAYS_EMBED_SWIFT_STANDARD_LIBRARIES = YES;
				BUNDLE_LOADER = "$(TEST_HOST)";
				CODE_SIGN_STYLE = Automatic;
				CURRENT_PROJECT_VERSION = 1;
				DEVELOPMENT_TEAM = 4DU44FMU2J;
				GENERATE_INFOPLIST_FILE = YES;
				MACOSX_DEPLOYMENT_TARGET = 13.1;
				MARKETING_VERSION = 1.0;
				PRODUCT_BUNDLE_IDENTIFIER = simonfortelny.TeamMinderTests;
				PRODUCT_NAME = "$(TARGET_NAME)";
				SWIFT_EMIT_LOC_STRINGS = NO;
				SWIFT_VERSION = 5.0;
				TEST_HOST = "$(BUILT_PRODUCTS_DIR)/TeamMinder.app/$(BUNDLE_EXECUTABLE_FOLDER_PATH)/TeamMinder";
			};
			name = Debug;
		};
		4D3641A229CCDC7E00FECC61 /* Release */ = {
			isa = XCBuildConfiguration;
			buildSettings = {
				ALWAYS_EMBED_SWIFT_STANDARD_LIBRARIES = YES;
				BUNDLE_LOADER = "$(TEST_HOST)";
				CODE_SIGN_STYLE = Automatic;
				CURRENT_PROJECT_VERSION = 1;
				DEVELOPMENT_TEAM = 4DU44FMU2J;
				GENERATE_INFOPLIST_FILE = YES;
				MACOSX_DEPLOYMENT_TARGET = 13.1;
				MARKETING_VERSION = 1.0;
				PRODUCT_BUNDLE_IDENTIFIER = simonfortelny.TeamMinderTests;
				PRODUCT_NAME = "$(TARGET_NAME)";
				SWIFT_EMIT_LOC_STRINGS = NO;
				SWIFT_VERSION = 5.0;
				TEST_HOST = "$(BUILT_PRODUCTS_DIR)/TeamMinder.app/$(BUNDLE_EXECUTABLE_FOLDER_PATH)/TeamMinder";
			};
			name = Release;
		};
		4D3641A429CCDC7E00FECC61 /* Debug */ = {
			isa = XCBuildConfiguration;
			buildSettings = {
				ALWAYS_EMBED_SWIFT_STANDARD_LIBRARIES = YES;
				CODE_SIGN_STYLE = Automatic;
				CURRENT_PROJECT_VERSION = 1;
				DEVELOPMENT_TEAM = 4DU44FMU2J;
				GENERATE_INFOPLIST_FILE = YES;
				MARKETING_VERSION = 1.0;
				PRODUCT_BUNDLE_IDENTIFIER = simonfortelny.TeamMinderUITests;
				PRODUCT_NAME = "$(TARGET_NAME)";
				SWIFT_EMIT_LOC_STRINGS = NO;
				SWIFT_VERSION = 5.0;
				TEST_TARGET_NAME = TeamMinder;
			};
			name = Debug;
		};
		4D3641A529CCDC7E00FECC61 /* Release */ = {
			isa = XCBuildConfiguration;
			buildSettings = {
				ALWAYS_EMBED_SWIFT_STANDARD_LIBRARIES = YES;
				CODE_SIGN_STYLE = Automatic;
				CURRENT_PROJECT_VERSION = 1;
				DEVELOPMENT_TEAM = 4DU44FMU2J;
				GENERATE_INFOPLIST_FILE = YES;
				MARKETING_VERSION = 1.0;
				PRODUCT_BUNDLE_IDENTIFIER = simonfortelny.TeamMinderUITests;
				PRODUCT_NAME = "$(TARGET_NAME)";
				SWIFT_EMIT_LOC_STRINGS = NO;
				SWIFT_VERSION = 5.0;
				TEST_TARGET_NAME = TeamMinder;
			};
			name = Release;
		};
/* End XCBuildConfiguration section */

/* Begin XCConfigurationList section */
		4D36417329CCDC7D00FECC61 /* Build configuration list for PBXProject "TeamMinder" */ = {
			isa = XCConfigurationList;
			buildConfigurations = (
				4D36419B29CCDC7E00FECC61 /* Debug */,
				4D36419C29CCDC7E00FECC61 /* Release */,
			);
			defaultConfigurationIsVisible = 0;
			defaultConfigurationName = Release;
		};
		4D36419D29CCDC7E00FECC61 /* Build configuration list for PBXNativeTarget "TeamMinder" */ = {
			isa = XCConfigurationList;
			buildConfigurations = (
				4D36419E29CCDC7E00FECC61 /* Debug */,
				4D36419F29CCDC7E00FECC61 /* Release */,
			);
			defaultConfigurationIsVisible = 0;
			defaultConfigurationName = Release;
		};
		4D3641A029CCDC7E00FECC61 /* Build configuration list for PBXNativeTarget "TeamMinderTests" */ = {
			isa = XCConfigurationList;
			buildConfigurations = (
				4D3641A129CCDC7E00FECC61 /* Debug */,
				4D3641A229CCDC7E00FECC61 /* Release */,
			);
			defaultConfigurationIsVisible = 0;
			defaultConfigurationName = Release;
		};
		4D3641A329CCDC7E00FECC61 /* Build configuration list for PBXNativeTarget "TeamMinderUITests" */ = {
			isa = XCConfigurationList;
			buildConfigurations = (
				4D3641A429CCDC7E00FECC61 /* Debug */,
				4D3641A529CCDC7E00FECC61 /* Release */,
			);
			defaultConfigurationIsVisible = 0;
			defaultConfigurationName = Release;
		};
/* End XCConfigurationList section */
	};
	rootObject = 4D36417029CCDC7D00FECC61 /* Project object */;
}
